
Microsoft Visual Studio Solution File, Format Version 12.00
# Visual Studio 2013
VisualStudioVersion = 12.0.21005.1
MinimumVisualStudioVersion = 10.0.40219.1
Project("{8BC9CEB8-8B4A-11D0-8D11-00A0C91BC942}") = "浮点型在内存中的存储", "浮点型在内存中的存储\浮点型在内存中的存储.vcxproj", "{D70B8F66-670B-402A-A48E-01E8D1462439}"
EndProject
Global
	GlobalSection(SolutionConfigurationPlatforms) = preSolution
		Debug|Win32 = Debug|Win32
		Release|Win32 = Release|Win32
	EndGlobalSection
	GlobalSection(ProjectConfigurationPlatforms) = postSolution
		{D70B8F66-670B-402A-A48E-01E8D1462439}.Debug|Win32.ActiveCfg = Debug|Win32
		{D70B8F66-670B-402A-A48E-01E8D1462439}.Debug|Win32.Build.0 = Debug|Win32
		{D70B8F66-670B-402A-A48E-01E8D1462439}.Release|Win32.ActiveCfg = Release|Win32
		{D70B8F66-670B-402A-A48E-01E8D1462439}.Release|Win32.Build.0 = Release|Win32
	EndGlobalSection
	GlobalSection(SolutionProperties) = preSolution
		HideSolutionNode = FALSE
	EndGlobalSection
EndGlobal
